
Microsoft Visual Studio Solution File, Format Version 12.00
# Visual Studio 15
VisualStudioVersion = 15.0.27130.2027
MinimumVisualStudioVersion = 10.0.40219.1
Project("{FAE04EC0-301F-11D3-BF4B-00C04F79EFBC}") = "Calendar", "Calendar\Calendar.csproj", "{9E6B8C73-41B5-4DAA-92D3-2B0F7A8CC52B}"
EndProject
Global
	GlobalSection(SolutionConfigurationPlatforms) = preSolution
		Debug|Any CPU = Debug|Any CPU
		Release|Any CPU = Release|Any CPU
	EndGlobalSection
	GlobalSection(ProjectConfigurationPlatforms) = postSolution
		{9E6B8C73-41B5-4DAA-92D3-2B0F7A8CC52B}.Debug|Any CPU.ActiveCfg = Debug|Any CPU
		{9E6B8C73-41B5-4DAA-92D3-2B0F7A8CC52B}.Debug|Any CPU.Build.0 = Debug|Any CPU
		{9E6B8C73-41B5-4DAA-92D3-2B0F7A8CC52B}.Release|Any CPU.ActiveCfg = Release|Any CPU
		{9E6B8C73-41B5-4DAA-92D3-2B0F7A8CC52B}.Release|Any CPU.Build.0 = Release|Any CPU
	EndGlobalSection
	GlobalSection(SolutionProperties) = preSolution
		HideSolutionNode = FALSE
	EndGlobalSection
	GlobalSection(ExtensibilityGlobals) = postSolution
		SolutionGuid = {FAEA56E4-F475-40BA-BFDA-EDD38D382A4F}
	EndGlobalSection
EndGlobal
